// !$*UTF8*$!
{
	archiveVersion = 1;
	classes = {
	};
	objectVersion = 50;
	objects = {

/* Begin PBXBuildFile section */
		E295C7E325B4D5C40037464C /* AppDelegate.swift in Sources */ = {isa = PBXBuildFile; fileRef = E295C7E225B4D5C40037464C /* AppDelegate.swift */; };
		E295C7E525B4D5C40037464C /* SceneDelegate.swift in Sources */ = {isa = PBXBuildFile; fileRef = E295C7E425B4D5C40037464C /* SceneDelegate.swift */; };
		E295C7E725B4D5C40037464C /* ViewController.swift in Sources */ = {isa = PBXBuildFile; fileRef = E295C7E625B4D5C40037464C /* ViewController.swift */; };
		E295C7EA25B4D5C40037464C /* Main.storyboard in Resources */ = {isa = PBXBuildFile; fileRef = E295C7E825B4D5C40037464C /* Main.storyboard */; };
		E295C7EC25B4D5C90037464C /* Assets.xcassets in Resources */ = {isa = PBXBuildFile; fileRef = E295C7EB25B4D5C90037464C /* Assets.xcassets */; };
		E295C7EF25B4D5C90037464C /* LaunchScreen.storyboard in Resources */ = {isa = PBXBuildFile; fileRef = E295C7ED25B4D5C90037464C /* LaunchScreen.storyboard */; };
		E295C7F725B5EF6E0037464C /* start.txt in Resources */ = {isa = PBXBuildFile; fileRef = E295C7F625B5EF6E0037464C /* start.txt */; };
/* End PBXBuildFile section */

/* Begin PBXFileReference section */
		E295C7DF25B4D5C40037464C /* Project6 - Word Scramble.app */ = {isa = PBXFileReference; explicitFileType = wrapper.application; includeInIndex = 0; path = "Project6 - Word Scramble.app"; sourceTree = BUILT_PRODUCTS_DIR; };
		E295C7E225B4D5C40037464C /* AppDelegate.swift */ = {isa = PBXFileReference; lastKnownFileType = sourcecode.swift; path = AppDelegate.swift; sourceTree = "<group>"; };
		E295C7E425B4D5C40037464C /* SceneDelegate.swift */ = {isa = PBXFileReference; lastKnownFileType = sourcecode.swift; path = SceneDelegate.swift; sourceTree = "<group>"; };
		E295C7E625B4D5C40037464C /* ViewController.swift */ = {isa = PBXFileReference; lastKnownFileType = sourcecode.swift; path = ViewController.swift; sourceTree = "<group>"; };
		E295C7E925B4D5C40037464C /* Base */ = {isa = PBXFileReference; lastKnownFileType = file.storyboard; name = Base; path = Base.lproj/Main.storyboard; sourceTree = "<group>"; };
		E295C7EB25B4D5C90037464C /* Assets.xcassets */ = {isa = PBXFileReference; lastKnownFileType = folder.assetcatalog; path = Assets.xcassets; sourceTree = "<group>"; };
		E295C7EE25B4D5C90037464C /* Base */ = {isa = PBXFileReference; lastKnownFileType = file.storyboard; name = Base; path = Base.lproj/LaunchScreen.storyboard; sourceTree = "<group>"; };
		E295C7F025B4D5C90037464C /* Info.plist */ = {isa = PBXFileReference; lastKnownFileType = text.plist.xml; path = Info.plist; sourceTree = "<group>"; };
		E295C7F625B5EF6E0037464C /* start.txt */ = {isa = PBXFileReference; fileEncoding = 4; lastKnownFileType = text; path = start.txt; sourceTree = "<group>"; };
/* End PBXFileReference section */

/* Begin PBXFrameworksBuildPhase section */
		E295C7DC25B4D5C40037464C /* Frameworks */ = {
			isa = PBXFrameworksBuildPhase;
			buildActionMask = 2147483647;
			files = (
			);
			runOnlyForDeploymentPostprocessing = 0;
		};
/* End PBXFrameworksBuildPhase section */

/* Begin PBXGroup section */
		E295C7D625B4D5C40037464C = {
			isa = PBXGroup;
			children = (
				E295C7E125B4D5C40037464C /* Project6 - Word Scramble */,
				E295C7E025B4D5C40037464C /* Products */,
			);
			sourceTree = "<group>";
		};
		E295C7E025B4D5C40037464C /* Products */ = {
			isa = PBXGroup;
			children = (
				E295C7DF25B4D5C40037464C /* Project6 - Word Scramble.app */,
			);
			name = Products;
			sourceTree = "<group>";
		};
		E295C7E125B4D5C40037464C /* Project6 - Word Scramble */ = {
			isa = PBXGroup;
			children = (
				E295C7E225B4D5C40037464C /* AppDelegate.swift */,
				E295C7E425B4D5C40037464C /* SceneDelegate.swift */,
				E295C7E625B4D5C40037464C /* ViewController.swift */,
				E295C7E825B4D5C40037464C /* Main.storyboard */,
				E295C7EB25B4D5C90037464C /* Assets.xcassets */,
				E295C7ED25B4D5C90037464C /* LaunchScreen.storyboard */,
				E295C7F025B4D5C90037464C /* Info.plist */,
				E295C7F625B5EF6E0037464C /* start.txt */,
			);
			path = "Project6 - Word Scramble";
			sourceTree = "<group>";
		};
/* End PBXGroup section */

/* Begin PBXNativeTarget section */
		E295C7DE25B4D5C40037464C /* Project6 - Word Scramble */ = {
			isa = PBXNativeTarget;
			buildConfigurationList = E295C7F325B4D5C90037464C /* Build configuration list for PBXNativeTarget "Project6 - Word Scramble" */;
			buildPhases = (
				E295C7DB25B4D5C40037464C /* Sources */,
				E295C7DC25B4D5C40037464C /* Frameworks */,
				E295C7DD25B4D5C40037464C /* Resources */,
			);
			buildRules = (
			);
			dependencies = (
			);
			name = "Project6 - Word Scramble";
			productName = "Project6 - Word Scramble";
			productReference = E295C7DF25B4D5C40037464C /* Project6 - Word Scramble.app */;
			productType = "com.apple.product-type.application";
		};
/* End PBXNativeTarget section */

/* Begin PBXProject section */
		E295C7D725B4D5C40037464C /* Project object */ = {
			isa = PBXProject;
			attributes = {
				LastSwiftUpdateCheck = 1150;
				LastUpgradeCheck = 1150;
				ORGANIZATIONNAME = "Ahmed Nagy";
				TargetAttributes = {
					E295C7DE25B4D5C40037464C = {
						CreatedOnToolsVersion = 11.5;
					};
				};
			};
			buildConfigurationList = E295C7DA25B4D5C40037464C /* Build configuration list for PBXProject "Project6 - Word Scramble" */;
			compatibilityVersion = "Xcode 9.3";
			developmentRegion = en;
			hasScannedForEncodings = 0;
			knownRegions = (
				en,
				Base,
			);
			mainGroup = E295C7D625B4D5C40037464C;
			productRefGroup = E295C7E025B4D5C40037464C /* Products */;
			projectDirPath = "";
			projectRoot = "";
			targets = (
				E295C7DE25B4D5C40037464C /* Project6 - Word Scramble */,
			);
		};
/* End PBXProject section */

/* Begin PBXResourcesBuildPhase section */
		E295C7DD25B4D5C40037464C /* Resources */ = {
			isa = PBXResourcesBuildPhase;
			buildActionMask = 2147483647;
			files = (
				E295C7EF25B4D5C90037464C /* LaunchScreen.storyboard in Resources */,
				E295C7F725B5EF6E0037464C /* start.txt in Resources */,
				E295C7EC25B4D5C90037464C /* Assets.xcassets in Resources */,
				E295C7EA25B4D5C40037464C /* Main.storyboard in Resources */,
			);
			runOnlyForDeploymentPostprocessing = 0;
		};
/* End PBXResourcesBuildPhase section */

/* Begin PBXSourcesBuildPhase section */
		E295C7DB25B4D5C40037464C /* Sources */ = {
			isa = PBXSourcesBuildPhase;
			buildActionMask = 2147483647;
			files = (
				E295C7E725B4D5C40037464C /* ViewController.swift in Sources */,
				E295C7E325B4D5C40037464C /* AppDelegate.swift in Sources */,
				E295C7E525B4D5C40037464C /* SceneDelegate.swift in Sources */,
			);
			runOnlyForDeploymentPostprocessing = 0;
		};
/* End PBXSourcesBuildPhase section */

/* Begin PBXVariantGroup section */
		E295C7E825B4D5C40037464C /* Main.storyboard */ = {
			isa = PBXVariantGroup;
			children = (
				E295C7E925B4D5C40037464C /* Base */,
			);
			name = Main.storyboard;
			sourceTree = "<group>";
		};
		E295C7ED25B4D5C90037464C /* LaunchScreen.storyboard */ = {
			isa = PBXVariantGroup;
			children = (
				E295C7EE25B4D5C90037464C /* Base */,
			);
			name = LaunchScreen.storyboard;
			sourceTree = "<group>";
		};
/* End PBXVariantGroup section */

/* Begin XCBuildConfiguration section */
		E295C7F125B4D5C90037464C /* Debug */ = {
			isa = XCBuildConfiguration;
			buildSettings = {
				ALWAYS_SEARCH_USER_PATHS = NO;
				CLANG_ANALYZER_NONNULL = YES;
				CLANG_ANALYZER_NUMBER_OBJECT_CONVERSION = YES_AGGRESSIVE;
				CLANG_CXX_LANGUAGE_STANDARD = "gnu++14";
				CLANG_CXX_LIBRARY = "libc++";
				CLANG_ENABLE_MODULES = YES;
				CLANG_ENABLE_OBJC_ARC = YES;
				CLANG_ENABLE_OBJC_WEAK = YES;
				CLANG_WARN_BLOCK_CAPTURE_AUTORELEASING = YES;
				CLANG_WARN_BOOL_CONVERSION = YES;
				CLANG_WARN_COMMA = YES;
				CLANG_WARN_CONSTANT_CONVERSION = YES;
				CLANG_WARN_DEPRECATED_OBJC_IMPLEMENTATIONS = YES;
				CLANG_WARN_DIRECT_OBJC_ISA_USAGE = YES_ERROR;
				CLANG_WARN_DOCUMENTATION_COMMENTS = YES;
				CLANG_WARN_EMPTY_BODY = YES;
				CLANG_WARN_ENUM_CONVERSION = YES;
				CLANG_WARN_INFINITE_RECURSION = YES;
				CLANG_WARN_INT_CONVERSION = YES;
				CLANG_WARN_NON_LITERAL_NULL_CONVERSION = YES;
				CLANG_WARN_OBJC_IMPLICIT_RETAIN_SELF = YES;
				CLANG_WARN_OBJC_LITERAL_CONVERSION = YES;
				CLANG_WARN_OBJC_ROOT_CLASS = YES_ERROR;
				CLANG_WARN_RANGE_LOOP_ANALYSIS = YES;
				CLANG_WARN_STRICT_PROTOTYPES = YES;
				CLANG_WARN_SUSPICIOUS_MOVE = YES;
				CLANG_WARN_UNGUARDED_AVAILABILITY = YES_AGGRESSIVE;
				CLANG_WARN_UNREACHABLE_CODE = YES;
				CLANG_WARN__DUPLICATE_METHOD_MATCH = YES;
				COPY_PHASE_STRIP = NO;
				DEBUG_INFORMATION_FORMAT = dwarf;
				ENABLE_STRICT_OBJC_MSGSEND = YES;
				ENABLE_TESTABILITY = YES;
				GCC_C_LANGUAGE_STANDARD = gnu11;
				GCC_DYNAMIC_NO_PIC = NO;
				GCC_NO_COMMON_BLOCKS = YES;
				GCC_OPTIMIZATION_LEVEL = 0;
				GCC_PREPROCESSOR_DEFINITIONS = (
					"DEBUG=1",
					"$(inherited)",
				);
				GCC_WARN_64_TO_32_BIT_CONVERSION = YES;
				GCC_WARN_ABOUT_RETURN_TYPE = YES_ERROR;
				GCC_WARN_UNDECLARED_SELECTOR = YES;
				GCC_WARN_UNINITIALIZED_AUTOS = YES_AGGRESSIVE;
				GCC_WARN_UNUSED_FUNCTION = YES;
				GCC_WARN_UNUSED_VARIABLE = YES;
				IPHONEOS_DEPLOYMENT_TARGET = 13.5;
				MTL_ENABLE_DEBUG_INFO = INCLUDE_SOURCE;
				MTL_FAST_MATH = YES;
				ONLY_ACTIVE_ARCH = YES;
				SDKROOT = iphoneos;
				SWIFT_ACTIVE_COMPILATION_CONDITIONS = DEBUG;
				SWIFT_OPTIMIZATION_LEVEL = "-Onone";
			};
			name = Debug;
		};
		E295C7F225B4D5C90037464C /* Release */ = {
			isa = XCBuildConfiguration;
			buildSettings = {
				ALWAYS_SEARCH_USER_PATHS = NO;
				CLANG_ANALYZER_NONNULL = YES;
				CLANG_ANALYZER_NUMBER_OBJECT_CONVERSION = YES_AGGRESSIVE;
				CLANG_CXX_LANGUAGE_STANDARD = "gnu++14";
				CLANG_CXX_LIBRARY = "libc++";
				CLANG_ENABLE_MODULES = YES;
				CLANG_ENABLE_OBJC_ARC = YES;
				CLANG_ENABLE_OBJC_WEAK = YES;
				CLANG_WARN_BLOCK_CAPTURE_AUTORELEASING = YES;
				CLANG_WARN_BOOL_CONVERSION = YES;
				CLANG_WARN_COMMA = YES;
				CLANG_WARN_CONSTANT_CONVERSION = YES;
				CLANG_WARN_DEPRECATED_OBJC_IMPLEMENTATIONS = YES;
				CLANG_WARN_DIRECT_OBJC_ISA_USAGE = YES_ERROR;
				CLANG_WARN_DOCUMENTATION_COMMENTS = YES;
				CLANG_WARN_EMPTY_BODY = YES;
				CLANG_WARN_ENUM_CONVERSION = YES;
				CLANG_WARN_INFINITE_RECURSION = YES;
				CLANG_WARN_INT_CONVERSION = YES;
				CLANG_WARN_NON_LITERAL_NULL_CONVERSION = YES;
				CLANG_WARN_OBJC_IMPLICIT_RETAIN_SELF = YES;
				CLANG_WARN_OBJC_LITERAL_CONVERSION = YES;
				CLANG_WARN_OBJC_ROOT_CLASS = YES_ERROR;
				CLANG_WARN_RANGE_LOOP_ANALYSIS = YES;
				CLANG_WARN_STRICT_PROTOTYPES = YES;
				CLANG_WARN_SUSPICIOUS_MOVE = YES;
				CLANG_WARN_UNGUARDED_AVAILABILITY = YES_AGGRESSIVE;
				CLANG_WARN_UNREACHABLE_CODE = YES;
				CLANG_WARN__DUPLICATE_METHOD_MATCH = YES;
				COPY_PHASE_STRIP = NO;
				DEBUG_INFORMATION_FORMAT = "dwarf-with-dsym";
				ENABLE_NS_ASSERTIONS = NO;
				ENABLE_STRICT_OBJC_MSGSEND = YES;
				GCC_C_LANGUAGE_STANDARD = gnu11;
				GCC_NO_COMMON_BLOCKS = YES;
				GCC_WARN_64_TO_32_BIT_CONVERSION = YES;
				GCC_WARN_ABOUT_RETURN_TYPE = YES_ERROR;
				GCC_WARN_UNDECLARED_SELECTOR = YES;
				GCC_WARN_UNINITIALIZED_AUTOS = YES_AGGRESSIVE;
				GCC_WARN_UNUSED_FUNCTION = YES;
				GCC_WARN_UNUSED_VARIABLE = YES;
				IPHONEOS_DEPLOYMENT_TARGET = 13.5;
				MTL_ENABLE_DEBUG_INFO = NO;
				MTL_FAST_MATH = YES;
				SDKROOT = iphoneos;
				SWIFT_COMPILATION_MODE = wholemodule;
				SWIFT_OPTIMIZATION_LEVEL = "-O";
				VALIDATE_PRODUCT = YES;
			};
			name = Release;
		};
		E295C7F425B4D5C90037464C /* Debug */ = {
			isa = XCBuildConfiguration;
			buildSettings = {
				ASSETCATALOG_COMPILER_APPICON_NAME = AppIcon;
				CODE_SIGN_STYLE = Automatic;
				INFOPLIST_FILE = "Project6 - Word Scramble/Info.plist";
				LD_RUNPATH_SEARCH_PATHS = (
					"$(inherited)",
					"@executable_path/Frameworks",
				);
				PRODUCT_BUNDLE_IDENTIFIER = "com.ahmednagy.Project6---Word-Scramble";
				PRODUCT_NAME = "$(TARGET_NAME)";
				SWIFT_VERSION = 5.0;
				TARGETED_DEVICE_FAMILY = "1,2";
			};
			name = Debug;
		};
		E295C7F525B4D5C90037464C /* Release */ = {
			isa = XCBuildConfiguration;
			buildSettings = {
				ASSETCATALOG_COMPILER_APPICON_NAME = AppIcon;
				CODE_SIGN_STYLE = Automatic;
				INFOPLIST_FILE = "Project6 - Word Scramble/Info.plist";
				LD_RUNPATH_SEARCH_PATHS = (
					"$(inherited)",
					"@executable_path/Frameworks",
				);
				PRODUCT_BUNDLE_IDENTIFIER = "com.ahmednagy.Project6---Word-Scramble";
				PRODUCT_NAME = "$(TARGET_NAME)";
				SWIFT_VERSION = 5.0;
				TARGETED_DEVICE_FAMILY = "1,2";
			};
			name = Release;
		};
/* End XCBuildConfiguration section */

/* Begin XCConfigurationList section */
		E295C7DA25B4D5C40037464C /* Build configuration list for PBXProject "Project6 - Word Scramble" */ = {
			isa = XCConfigurationList;
			buildConfigurations = (
				E295C7F125B4D5C90037464C /* Debug */,
				E295C7F225B4D5C90037464C /* Release */,
			);
			defaultConfigurationIsVisible = 0;
			defaultConfigurationName = Release;
		};
		E295C7F325B4D5C90037464C /* Build configuration list for PBXNativeTarget "Project6 - Word Scramble" */ = {
			isa = XCConfigurationList;
			buildConfigurations = (
				E295C7F425B4D5C90037464C /* Debug */,
				E295C7F525B4D5C90037464C /* Release */,
			);
			defaultConfigurationIsVisible = 0;
			defaultConfigurationName = Release;
		};
/* End XCConfigurationList section */
	};
	rootObject = E295C7D725B4D5C40037464C /* Project object */;
}
