// !$*UTF8*$!
{
	archiveVersion = 1;
	classes = {
	};
	objectVersion = 50;
	objects = {

/* Begin PBXBuildFile section */
		E21F794425A7D11400E40E42 /* AppDelegate.swift in Sources */ = {isa = PBXBuildFile; fileRef = E21F794325A7D11400E40E42 /* AppDelegate.swift */; };
		E21F794625A7D11400E40E42 /* SceneDelegate.swift in Sources */ = {isa = PBXBuildFile; fileRef = E21F794525A7D11400E40E42 /* SceneDelegate.swift */; };
		E21F794825A7D11400E40E42 /* ViewController.swift in Sources */ = {isa = PBXBuildFile; fileRef = E21F794725A7D11400E40E42 /* ViewController.swift */; };
		E21F794B25A7D11400E40E42 /* Main.storyboard in Resources */ = {isa = PBXBuildFile; fileRef = E21F794925A7D11400E40E42 /* Main.storyboard */; };
		E21F794D25A7D11600E40E42 /* Assets.xcassets in Resources */ = {isa = PBXBuildFile; fileRef = E21F794C25A7D11600E40E42 /* Assets.xcassets */; };
		E21F795025A7D11600E40E42 /* LaunchScreen.storyboard in Resources */ = {isa = PBXBuildFile; fileRef = E21F794E25A7D11600E40E42 /* LaunchScreen.storyboard */; };
/* End PBXBuildFile section */

/* Begin PBXFileReference section */
		E21F794025A7D11400E40E42 /* Project5 - Easy Browser.app */ = {isa = PBXFileReference; explicitFileType = wrapper.application; includeInIndex = 0; path = "Project5 - Easy Browser.app"; sourceTree = BUILT_PRODUCTS_DIR; };
		E21F794325A7D11400E40E42 /* AppDelegate.swift */ = {isa = PBXFileReference; lastKnownFileType = sourcecode.swift; path = AppDelegate.swift; sourceTree = "<group>"; };
		E21F794525A7D11400E40E42 /* SceneDelegate.swift */ = {isa = PBXFileReference; lastKnownFileType = sourcecode.swift; path = SceneDelegate.swift; sourceTree = "<group>"; };
		E21F794725A7D11400E40E42 /* ViewController.swift */ = {isa = PBXFileReference; lastKnownFileType = sourcecode.swift; path = ViewController.swift; sourceTree = "<group>"; };
		E21F794A25A7D11400E40E42 /* Base */ = {isa = PBXFileReference; lastKnownFileType = file.storyboard; name = Base; path = Base.lproj/Main.storyboard; sourceTree = "<group>"; };
		E21F794C25A7D11600E40E42 /* Assets.xcassets */ = {isa = PBXFileReference; lastKnownFileType = folder.assetcatalog; path = Assets.xcassets; sourceTree = "<group>"; };
		E21F794F25A7D11600E40E42 /* Base */ = {isa = PBXFileReference; lastKnownFileType = file.storyboard; name = Base; path = Base.lproj/LaunchScreen.storyboard; sourceTree = "<group>"; };
		E21F795125A7D11600E40E42 /* Info.plist */ = {isa = PBXFileReference; lastKnownFileType = text.plist.xml; path = Info.plist; sourceTree = "<group>"; };
/* End PBXFileReference section */

/* Begin PBXFrameworksBuildPhase section */
		E21F793D25A7D11400E40E42 /* Frameworks */ = {
			isa = PBXFrameworksBuildPhase;
			buildActionMask = 2147483647;
			files = (
			);
			runOnlyForDeploymentPostprocessing = 0;
		};
/* End PBXFrameworksBuildPhase section */

/* Begin PBXGroup section */
		E21F793725A7D11400E40E42 = {
			isa = PBXGroup;
			children = (
				E21F794225A7D11400E40E42 /* Project5 - Easy Browser */,
				E21F794125A7D11400E40E42 /* Products */,
			);
			sourceTree = "<group>";
		};
		E21F794125A7D11400E40E42 /* Products */ = {
			isa = PBXGroup;
			children = (
				E21F794025A7D11400E40E42 /* Project5 - Easy Browser.app */,
			);
			name = Products;
			sourceTree = "<group>";
		};
		E21F794225A7D11400E40E42 /* Project5 - Easy Browser */ = {
			isa = PBXGroup;
			children = (
				E21F794325A7D11400E40E42 /* AppDelegate.swift */,
				E21F794525A7D11400E40E42 /* SceneDelegate.swift */,
				E21F794725A7D11400E40E42 /* ViewController.swift */,
				E21F794925A7D11400E40E42 /* Main.storyboard */,
				E21F794C25A7D11600E40E42 /* Assets.xcassets */,
				E21F794E25A7D11600E40E42 /* LaunchScreen.storyboard */,
				E21F795125A7D11600E40E42 /* Info.plist */,
			);
			path = "Project5 - Easy Browser";
			sourceTree = "<group>";
		};
/* End PBXGroup section */

/* Begin PBXNativeTarget section */
		E21F793F25A7D11400E40E42 /* Project5 - Easy Browser */ = {
			isa = PBXNativeTarget;
			buildConfigurationList = E21F795425A7D11600E40E42 /* Build configuration list for PBXNativeTarget "Project5 - Easy Browser" */;
			buildPhases = (
				E21F793C25A7D11400E40E42 /* Sources */,
				E21F793D25A7D11400E40E42 /* Frameworks */,
				E21F793E25A7D11400E40E42 /* Resources */,
			);
			buildRules = (
			);
			dependencies = (
			);
			name = "Project5 - Easy Browser";
			productName = "Project5 - Easy Browser";
			productReference = E21F794025A7D11400E40E42 /* Project5 - Easy Browser.app */;
			productType = "com.apple.product-type.application";
		};
/* End PBXNativeTarget section */

/* Begin PBXProject section */
		E21F793825A7D11400E40E42 /* Project object */ = {
			isa = PBXProject;
			attributes = {
				LastSwiftUpdateCheck = 1150;
				LastUpgradeCheck = 1150;
				ORGANIZATIONNAME = "Ahmed Nagy";
				TargetAttributes = {
					E21F793F25A7D11400E40E42 = {
						CreatedOnToolsVersion = 11.5;
					};
				};
			};
			buildConfigurationList = E21F793B25A7D11400E40E42 /* Build configuration list for PBXProject "Project5 - Easy Browser" */;
			compatibilityVersion = "Xcode 9.3";
			developmentRegion = en;
			hasScannedForEncodings = 0;
			knownRegions = (
				en,
				Base,
			);
			mainGroup = E21F793725A7D11400E40E42;
			productRefGroup = E21F794125A7D11400E40E42 /* Products */;
			projectDirPath = "";
			projectRoot = "";
			targets = (
				E21F793F25A7D11400E40E42 /* Project5 - Easy Browser */,
			);
		};
/* End PBXProject section */

/* Begin PBXResourcesBuildPhase section */
		E21F793E25A7D11400E40E42 /* Resources */ = {
			isa = PBXResourcesBuildPhase;
			buildActionMask = 2147483647;
			files = (
				E21F795025A7D11600E40E42 /* LaunchScreen.storyboard in Resources */,
				E21F794D25A7D11600E40E42 /* Assets.xcassets in Resources */,
				E21F794B25A7D11400E40E42 /* Main.storyboard in Resources */,
			);
			runOnlyForDeploymentPostprocessing = 0;
		};
/* End PBXResourcesBuildPhase section */

/* Begin PBXSourcesBuildPhase section */
		E21F793C25A7D11400E40E42 /* Sources */ = {
			isa = PBXSourcesBuildPhase;
			buildActionMask = 2147483647;
			files = (
				E21F794825A7D11400E40E42 /* ViewController.swift in Sources */,
				E21F794425A7D11400E40E42 /* AppDelegate.swift in Sources */,
				E21F794625A7D11400E40E42 /* SceneDelegate.swift in Sources */,
			);
			runOnlyForDeploymentPostprocessing = 0;
		};
/* End PBXSourcesBuildPhase section */

/* Begin PBXVariantGroup section */
		E21F794925A7D11400E40E42 /* Main.storyboard */ = {
			isa = PBXVariantGroup;
			children = (
				E21F794A25A7D11400E40E42 /* Base */,
			);
			name = Main.storyboard;
			sourceTree = "<group>";
		};
		E21F794E25A7D11600E40E42 /* LaunchScreen.storyboard */ = {
			isa = PBXVariantGroup;
			children = (
				E21F794F25A7D11600E40E42 /* Base */,
			);
			name = LaunchScreen.storyboard;
			sourceTree = "<group>";
		};
/* End PBXVariantGroup section */

/* Begin XCBuildConfiguration section */
		E21F795225A7D11600E40E42 /* Debug */ = {
			isa = XCBuildConfiguration;
			buildSettings = {
				ALWAYS_SEARCH_USER_PATHS = NO;
				CLANG_ANALYZER_NONNULL = YES;
				CLANG_ANALYZER_NUMBER_OBJECT_CONVERSION = YES_AGGRESSIVE;
				CLANG_CXX_LANGUAGE_STANDARD = "gnu++14";
				CLANG_CXX_LIBRARY = "libc++";
				CLANG_ENABLE_MODULES = YES;
				CLANG_ENABLE_OBJC_ARC = YES;
				CLANG_ENABLE_OBJC_WEAK = YES;
				CLANG_WARN_BLOCK_CAPTURE_AUTORELEASING = YES;
				CLANG_WARN_BOOL_CONVERSION = YES;
				CLANG_WARN_COMMA = YES;
				CLANG_WARN_CONSTANT_CONVERSION = YES;
				CLANG_WARN_DEPRECATED_OBJC_IMPLEMENTATIONS = YES;
				CLANG_WARN_DIRECT_OBJC_ISA_USAGE = YES_ERROR;
				CLANG_WARN_DOCUMENTATION_COMMENTS = YES;
				CLANG_WARN_EMPTY_BODY = YES;
				CLANG_WARN_ENUM_CONVERSION = YES;
				CLANG_WARN_INFINITE_RECURSION = YES;
				CLANG_WARN_INT_CONVERSION = YES;
				CLANG_WARN_NON_LITERAL_NULL_CONVERSION = YES;
				CLANG_WARN_OBJC_IMPLICIT_RETAIN_SELF = YES;
				CLANG_WARN_OBJC_LITERAL_CONVERSION = YES;
				CLANG_WARN_OBJC_ROOT_CLASS = YES_ERROR;
				CLANG_WARN_RANGE_LOOP_ANALYSIS = YES;
				CLANG_WARN_STRICT_PROTOTYPES = YES;
				CLANG_WARN_SUSPICIOUS_MOVE = YES;
				CLANG_WARN_UNGUARDED_AVAILABILITY = YES_AGGRESSIVE;
				CLANG_WARN_UNREACHABLE_CODE = YES;
				CLANG_WARN__DUPLICATE_METHOD_MATCH = YES;
				COPY_PHASE_STRIP = NO;
				DEBUG_INFORMATION_FORMAT = dwarf;
				ENABLE_STRICT_OBJC_MSGSEND = YES;
				ENABLE_TESTABILITY = YES;
				GCC_C_LANGUAGE_STANDARD = gnu11;
				GCC_DYNAMIC_NO_PIC = NO;
				GCC_NO_COMMON_BLOCKS = YES;
				GCC_OPTIMIZATION_LEVEL = 0;
				GCC_PREPROCESSOR_DEFINITIONS = (
					"DEBUG=1",
					"$(inherited)",
				);
				GCC_WARN_64_TO_32_BIT_CONVERSION = YES;
				GCC_WARN_ABOUT_RETURN_TYPE = YES_ERROR;
				GCC_WARN_UNDECLARED_SELECTOR = YES;
				GCC_WARN_UNINITIALIZED_AUTOS = YES_AGGRESSIVE;
				GCC_WARN_UNUSED_FUNCTION = YES;
				GCC_WARN_UNUSED_VARIABLE = YES;
				IPHONEOS_DEPLOYMENT_TARGET = 13.5;
				MTL_ENABLE_DEBUG_INFO = INCLUDE_SOURCE;
				MTL_FAST_MATH = YES;
				ONLY_ACTIVE_ARCH = YES;
				SDKROOT = iphoneos;
				SWIFT_ACTIVE_COMPILATION_CONDITIONS = DEBUG;
				SWIFT_OPTIMIZATION_LEVEL = "-Onone";
			};
			name = Debug;
		};
		E21F795325A7D11600E40E42 /* Release */ = {
			isa = XCBuildConfiguration;
			buildSettings = {
				ALWAYS_SEARCH_USER_PATHS = NO;
				CLANG_ANALYZER_NONNULL = YES;
				CLANG_ANALYZER_NUMBER_OBJECT_CONVERSION = YES_AGGRESSIVE;
				CLANG_CXX_LANGUAGE_STANDARD = "gnu++14";
				CLANG_CXX_LIBRARY = "libc++";
				CLANG_ENABLE_MODULES = YES;
				CLANG_ENABLE_OBJC_ARC = YES;
				CLANG_ENABLE_OBJC_WEAK = YES;
				CLANG_WARN_BLOCK_CAPTURE_AUTORELEASING = YES;
				CLANG_WARN_BOOL_CONVERSION = YES;
				CLANG_WARN_COMMA = YES;
				CLANG_WARN_CONSTANT_CONVERSION = YES;
				CLANG_WARN_DEPRECATED_OBJC_IMPLEMENTATIONS = YES;
				CLANG_WARN_DIRECT_OBJC_ISA_USAGE = YES_ERROR;
				CLANG_WARN_DOCUMENTATION_COMMENTS = YES;
				CLANG_WARN_EMPTY_BODY = YES;
				CLANG_WARN_ENUM_CONVERSION = YES;
				CLANG_WARN_INFINITE_RECURSION = YES;
				CLANG_WARN_INT_CONVERSION = YES;
				CLANG_WARN_NON_LITERAL_NULL_CONVERSION = YES;
				CLANG_WARN_OBJC_IMPLICIT_RETAIN_SELF = YES;
				CLANG_WARN_OBJC_LITERAL_CONVERSION = YES;
				CLANG_WARN_OBJC_ROOT_CLASS = YES_ERROR;
				CLANG_WARN_RANGE_LOOP_ANALYSIS = YES;
				CLANG_WARN_STRICT_PROTOTYPES = YES;
				CLANG_WARN_SUSPICIOUS_MOVE = YES;
				CLANG_WARN_UNGUARDED_AVAILABILITY = YES_AGGRESSIVE;
				CLANG_WARN_UNREACHABLE_CODE = YES;
				CLANG_WARN__DUPLICATE_METHOD_MATCH = YES;
				COPY_PHASE_STRIP = NO;
				DEBUG_INFORMATION_FORMAT = "dwarf-with-dsym";
				ENABLE_NS_ASSERTIONS = NO;
				ENABLE_STRICT_OBJC_MSGSEND = YES;
				GCC_C_LANGUAGE_STANDARD = gnu11;
				GCC_NO_COMMON_BLOCKS = YES;
				GCC_WARN_64_TO_32_BIT_CONVERSION = YES;
				GCC_WARN_ABOUT_RETURN_TYPE = YES_ERROR;
				GCC_WARN_UNDECLARED_SELECTOR = YES;
				GCC_WARN_UNINITIALIZED_AUTOS = YES_AGGRESSIVE;
				GCC_WARN_UNUSED_FUNCTION = YES;
				GCC_WARN_UNUSED_VARIABLE = YES;
				IPHONEOS_DEPLOYMENT_TARGET = 13.5;
				MTL_ENABLE_DEBUG_INFO = NO;
				MTL_FAST_MATH = YES;
				SDKROOT = iphoneos;
				SWIFT_COMPILATION_MODE = wholemodule;
				SWIFT_OPTIMIZATION_LEVEL = "-O";
				VALIDATE_PRODUCT = YES;
			};
			name = Release;
		};
		E21F795525A7D11600E40E42 /* Debug */ = {
			isa = XCBuildConfiguration;
			buildSettings = {
				ASSETCATALOG_COMPILER_APPICON_NAME = AppIcon;
				CODE_SIGN_STYLE = Automatic;
				INFOPLIST_FILE = "Project5 - Easy Browser/Info.plist";
				LD_RUNPATH_SEARCH_PATHS = (
					"$(inherited)",
					"@executable_path/Frameworks",
				);
				PRODUCT_BUNDLE_IDENTIFIER = "com.ahmednagy.Project5---Easy-Browser";
				PRODUCT_NAME = "Project5 - Easy Browser";
				SWIFT_VERSION = 5.0;
				TARGETED_DEVICE_FAMILY = "1,2";
			};
			name = Debug;
		};
		E21F795625A7D11600E40E42 /* Release */ = {
			isa = XCBuildConfiguration;
			buildSettings = {
				ASSETCATALOG_COMPILER_APPICON_NAME = AppIcon;
				CODE_SIGN_STYLE = Automatic;
				INFOPLIST_FILE = "Project5 - Easy Browser/Info.plist";
				LD_RUNPATH_SEARCH_PATHS = (
					"$(inherited)",
					"@executable_path/Frameworks",
				);
				PRODUCT_BUNDLE_IDENTIFIER = "com.ahmednagy.Project5---Easy-Browser";
				PRODUCT_NAME = "Project5 - Easy Browser";
				SWIFT_VERSION = 5.0;
				TARGETED_DEVICE_FAMILY = "1,2";
			};
			name = Release;
		};
/* End XCBuildConfiguration section */

/* Begin XCConfigurationList section */
		E21F793B25A7D11400E40E42 /* Build configuration list for PBXProject "Project5 - Easy Browser" */ = {
			isa = XCConfigurationList;
			buildConfigurations = (
				E21F795225A7D11600E40E42 /* Debug */,
				E21F795325A7D11600E40E42 /* Release */,
			);
			defaultConfigurationIsVisible = 0;
			defaultConfigurationName = Release;
		};
		E21F795425A7D11600E40E42 /* Build configuration list for PBXNativeTarget "Project5 - Easy Browser" */ = {
			isa = XCConfigurationList;
			buildConfigurations = (
				E21F795525A7D11600E40E42 /* Debug */,
				E21F795625A7D11600E40E42 /* Release */,
			);
			defaultConfigurationIsVisible = 0;
			defaultConfigurationName = Release;
		};
/* End XCConfigurationList section */
	};
	rootObject = E21F793825A7D11400E40E42 /* Project object */;
}
